// !$*UTF8*$!
{
	archiveVersion = 1;
	classes = {
	};
	objectVersion = 52;
	objects = {

/* Begin PBXBuildFile section */
		84154A9F252FB91B009B5806 /* evolutionApp.swift in Sources */ = {isa = PBXBuildFile; fileRef = 84154A9E252FB91B009B5806 /* evolutionApp.swift */; };
		84154AA1252FB91B009B5806 /* ContentView.swift in Sources */ = {isa = PBXBuildFile; fileRef = 84154AA0252FB91B009B5806 /* ContentView.swift */; };
		84154AA3252FB91C009B5806 /* Assets.xcassets in Resources */ = {isa = PBXBuildFile; fileRef = 84154AA2252FB91C009B5806 /* Assets.xcassets */; };
		84154AA6252FB91C009B5806 /* Preview Assets.xcassets in Resources */ = {isa = PBXBuildFile; fileRef = 84154AA5252FB91C009B5806 /* Preview Assets.xcassets */; };
		84154AB1252FB91C009B5806 /* evolutionTests.swift in Sources */ = {isa = PBXBuildFile; fileRef = 84154AB0252FB91C009B5806 /* evolutionTests.swift */; };
		84154ABC252FB91C009B5806 /* evolutionUITests.swift in Sources */ = {isa = PBXBuildFile; fileRef = 84154ABB252FB91C009B5806 /* evolutionUITests.swift */; };
		84154ACD252FB95B009B5806 /* CoreLogic.swift in Sources */ = {isa = PBXBuildFile; fileRef = 84154ACC252FB95B009B5806 /* CoreLogic.swift */; };
		8448950A253EA70400BC8153 /* MainUI.swift in Sources */ = {isa = PBXBuildFile; fileRef = 84489509253EA70400BC8153 /* MainUI.swift */; };
		8448950F253EB01200BC8153 /* UIElements.swift in Sources */ = {isa = PBXBuildFile; fileRef = 8448950E253EB01200BC8153 /* UIElements.swift */; };
		84606C8D2548090600C62E1A /* SettingsUI.swift in Sources */ = {isa = PBXBuildFile; fileRef = 84606C8C2548090600C62E1A /* SettingsUI.swift */; };
		849245202539914C00C2394C /* FoodView.swift in Sources */ = {isa = PBXBuildFile; fileRef = 8492451F2539914C00C2394C /* FoodView.swift */; };
		84924525253AC40100C2394C /* DayClock.swift in Sources */ = {isa = PBXBuildFile; fileRef = 84924524253AC40100C2394C /* DayClock.swift */; };
		8492452A253B403200C2394C /* EnvironmentView.swift in Sources */ = {isa = PBXBuildFile; fileRef = 84924529253B403200C2394C /* EnvironmentView.swift */; };
		84C9C0CD2555C040005ACDE6 /* SwiftUICharts in Frameworks */ = {isa = PBXBuildFile; productRef = 84C9C0CC2555C040005ACDE6 /* SwiftUICharts */; };
		84DC23422535B04800E04074 /* Cell.swift in Sources */ = {isa = PBXBuildFile; fileRef = 84DC23412535B04800E04074 /* Cell.swift */; };
/* End PBXBuildFile section */

/* Begin PBXContainerItemProxy section */
		84154AAD252FB91C009B5806 /* PBXContainerItemProxy */ = {
			isa = PBXContainerItemProxy;
			containerPortal = 84154A93252FB91B009B5806 /* Project object */;
			proxyType = 1;
			remoteGlobalIDString = 84154A9A252FB91B009B5806;
			remoteInfo = evolution;
		};
		84154AB8252FB91C009B5806 /* PBXContainerItemProxy */ = {
			isa = PBXContainerItemProxy;
			containerPortal = 84154A93252FB91B009B5806 /* Project object */;
			proxyType = 1;
			remoteGlobalIDString = 84154A9A252FB91B009B5806;
			remoteInfo = evolution;
		};
/* End PBXContainerItemProxy section */

/* Begin PBXFileReference section */
		84154A9B252FB91B009B5806 /* evolution.app */ = {isa = PBXFileReference; explicitFileType = wrapper.application; includeInIndex = 0; path = evolution.app; sourceTree = BUILT_PRODUCTS_DIR; };
		84154A9E252FB91B009B5806 /* evolutionApp.swift */ = {isa = PBXFileReference; lastKnownFileType = sourcecode.swift; path = evolutionApp.swift; sourceTree = "<group>"; };
		84154AA0252FB91B009B5806 /* ContentView.swift */ = {isa = PBXFileReference; lastKnownFileType = sourcecode.swift; path = ContentView.swift; sourceTree = "<group>"; };
		84154AA2252FB91C009B5806 /* Assets.xcassets */ = {isa = PBXFileReference; lastKnownFileType = folder.assetcatalog; path = Assets.xcassets; sourceTree = "<group>"; };
		84154AA5252FB91C009B5806 /* Preview Assets.xcassets */ = {isa = PBXFileReference; lastKnownFileType = folder.assetcatalog; path = "Preview Assets.xcassets"; sourceTree = "<group>"; };
		84154AA7252FB91C009B5806 /* Info.plist */ = {isa = PBXFileReference; lastKnownFileType = text.plist.xml; path = Info.plist; sourceTree = "<group>"; };
		84154AAC252FB91C009B5806 /* evolutionTests.xctest */ = {isa = PBXFileReference; explicitFileType = wrapper.cfbundle; includeInIndex = 0; path = evolutionTests.xctest; sourceTree = BUILT_PRODUCTS_DIR; };
		84154AB0252FB91C009B5806 /* evolutionTests.swift */ = {isa = PBXFileReference; lastKnownFileType = sourcecode.swift; path = evolutionTests.swift; sourceTree = "<group>"; };
		84154AB2252FB91C009B5806 /* Info.plist */ = {isa = PBXFileReference; lastKnownFileType = text.plist.xml; path = Info.plist; sourceTree = "<group>"; };
		84154AB7252FB91C009B5806 /* evolutionUITests.xctest */ = {isa = PBXFileReference; explicitFileType = wrapper.cfbundle; includeInIndex = 0; path = evolutionUITests.xctest; sourceTree = BUILT_PRODUCTS_DIR; };
		84154ABB252FB91C009B5806 /* evolutionUITests.swift */ = {isa = PBXFileReference; lastKnownFileType = sourcecode.swift; path = evolutionUITests.swift; sourceTree = "<group>"; };
		84154ABD252FB91C009B5806 /* Info.plist */ = {isa = PBXFileReference; lastKnownFileType = text.plist.xml; path = Info.plist; sourceTree = "<group>"; };
		84154ACC252FB95B009B5806 /* CoreLogic.swift */ = {isa = PBXFileReference; lastKnownFileType = sourcecode.swift; path = CoreLogic.swift; sourceTree = "<group>"; };
		84489509253EA70400BC8153 /* MainUI.swift */ = {isa = PBXFileReference; lastKnownFileType = sourcecode.swift; path = MainUI.swift; sourceTree = "<group>"; };
		8448950E253EB01200BC8153 /* UIElements.swift */ = {isa = PBXFileReference; lastKnownFileType = sourcecode.swift; path = UIElements.swift; sourceTree = "<group>"; };
		84606C8C2548090600C62E1A /* SettingsUI.swift */ = {isa = PBXFileReference; lastKnownFileType = sourcecode.swift; path = SettingsUI.swift; sourceTree = "<group>"; };
		8492451F2539914C00C2394C /* FoodView.swift */ = {isa = PBXFileReference; lastKnownFileType = sourcecode.swift; path = FoodView.swift; sourceTree = "<group>"; };
		84924524253AC40100C2394C /* DayClock.swift */ = {isa = PBXFileReference; lastKnownFileType = sourcecode.swift; path = DayClock.swift; sourceTree = "<group>"; };
		84924529253B403200C2394C /* EnvironmentView.swift */ = {isa = PBXFileReference; lastKnownFileType = sourcecode.swift; path = EnvironmentView.swift; sourceTree = "<group>"; };
		84DC23412535B04800E04074 /* Cell.swift */ = {isa = PBXFileReference; lastKnownFileType = sourcecode.swift; path = Cell.swift; sourceTree = "<group>"; };
/* End PBXFileReference section */

/* Begin PBXFrameworksBuildPhase section */
		84154A98252FB91B009B5806 /* Frameworks */ = {
			isa = PBXFrameworksBuildPhase;
			buildActionMask = 2147483647;
			files = (
				84C9C0CD2555C040005ACDE6 /* SwiftUICharts in Frameworks */,
			);
			runOnlyForDeploymentPostprocessing = 0;
		};
		84154AA9252FB91C009B5806 /* Frameworks */ = {
			isa = PBXFrameworksBuildPhase;
			buildActionMask = 2147483647;
			files = (
			);
			runOnlyForDeploymentPostprocessing = 0;
		};
		84154AB4252FB91C009B5806 /* Frameworks */ = {
			isa = PBXFrameworksBuildPhase;
			buildActionMask = 2147483647;
			files = (
			);
			runOnlyForDeploymentPostprocessing = 0;
		};
/* End PBXFrameworksBuildPhase section */

/* Begin PBXGroup section */
		84154A92252FB91B009B5806 = {
			isa = PBXGroup;
			children = (
				84154A9D252FB91B009B5806 /* evolution */,
				84154AAF252FB91C009B5806 /* evolutionTests */,
				84154ABA252FB91C009B5806 /* evolutionUITests */,
				84154A9C252FB91B009B5806 /* Products */,
			);
			sourceTree = "<group>";
		};
		84154A9C252FB91B009B5806 /* Products */ = {
			isa = PBXGroup;
			children = (
				84154A9B252FB91B009B5806 /* evolution.app */,
				84154AAC252FB91C009B5806 /* evolutionTests.xctest */,
				84154AB7252FB91C009B5806 /* evolutionUITests.xctest */,
			);
			name = Products;
			sourceTree = "<group>";
		};
		84154A9D252FB91B009B5806 /* evolution */ = {
			isa = PBXGroup;
			children = (
				84154A9E252FB91B009B5806 /* evolutionApp.swift */,
				84154ACC252FB95B009B5806 /* CoreLogic.swift */,
				84154AA0252FB91B009B5806 /* ContentView.swift */,
				84924529253B403200C2394C /* EnvironmentView.swift */,
				84DC23412535B04800E04074 /* Cell.swift */,
				84489509253EA70400BC8153 /* MainUI.swift */,
				8448950E253EB01200BC8153 /* UIElements.swift */,
				84924524253AC40100C2394C /* DayClock.swift */,
				84606C8C2548090600C62E1A /* SettingsUI.swift */,
				8492451F2539914C00C2394C /* FoodView.swift */,
				84154AA2252FB91C009B5806 /* Assets.xcassets */,
				84154AA7252FB91C009B5806 /* Info.plist */,
				84154AA4252FB91C009B5806 /* Preview Content */,
			);
			path = evolution;
			sourceTree = "<group>";
		};
		84154AA4252FB91C009B5806 /* Preview Content */ = {
			isa = PBXGroup;
			children = (
				84154AA5252FB91C009B5806 /* Preview Assets.xcassets */,
			);
			path = "Preview Content";
			sourceTree = "<group>";
		};
		84154AAF252FB91C009B5806 /* evolutionTests */ = {
			isa = PBXGroup;
			children = (
				84154AB0252FB91C009B5806 /* evolutionTests.swift */,
				84154AB2252FB91C009B5806 /* Info.plist */,
			);
			path = evolutionTests;
			sourceTree = "<group>";
		};
		84154ABA252FB91C009B5806 /* evolutionUITests */ = {
			isa = PBXGroup;
			children = (
				84154ABB252FB91C009B5806 /* evolutionUITests.swift */,
				84154ABD252FB91C009B5806 /* Info.plist */,
			);
			path = evolutionUITests;
			sourceTree = "<group>";
		};
/* End PBXGroup section */

/* Begin PBXNativeTarget section */
		84154A9A252FB91B009B5806 /* evolution */ = {
			isa = PBXNativeTarget;
			buildConfigurationList = 84154AC0252FB91C009B5806 /* Build configuration list for PBXNativeTarget "evolution" */;
			buildPhases = (
				84154A97252FB91B009B5806 /* Sources */,
				84154A98252FB91B009B5806 /* Frameworks */,
				84154A99252FB91B009B5806 /* Resources */,
			);
			buildRules = (
			);
			dependencies = (
			);
			name = evolution;
			packageProductDependencies = (
				84C9C0CC2555C040005ACDE6 /* SwiftUICharts */,
			);
			productName = evolution;
			productReference = 84154A9B252FB91B009B5806 /* evolution.app */;
			productType = "com.apple.product-type.application";
		};
		84154AAB252FB91C009B5806 /* evolutionTests */ = {
			isa = PBXNativeTarget;
			buildConfigurationList = 84154AC3252FB91C009B5806 /* Build configuration list for PBXNativeTarget "evolutionTests" */;
			buildPhases = (
				84154AA8252FB91C009B5806 /* Sources */,
				84154AA9252FB91C009B5806 /* Frameworks */,
				84154AAA252FB91C009B5806 /* Resources */,
			);
			buildRules = (
			);
			dependencies = (
				84154AAE252FB91C009B5806 /* PBXTargetDependency */,
			);
			name = evolutionTests;
			productName = evolutionTests;
			productReference = 84154AAC252FB91C009B5806 /* evolutionTests.xctest */;
			productType = "com.apple.product-type.bundle.unit-test";
		};
		84154AB6252FB91C009B5806 /* evolutionUITests */ = {
			isa = PBXNativeTarget;
			buildConfigurationList = 84154AC6252FB91C009B5806 /* Build configuration list for PBXNativeTarget "evolutionUITests" */;
			buildPhases = (
				84154AB3252FB91C009B5806 /* Sources */,
				84154AB4252FB91C009B5806 /* Frameworks */,
				84154AB5252FB91C009B5806 /* Resources */,
			);
			buildRules = (
			);
			dependencies = (
				84154AB9252FB91C009B5806 /* PBXTargetDependency */,
			);
			name = evolutionUITests;
			productName = evolutionUITests;
			productReference = 84154AB7252FB91C009B5806 /* evolutionUITests.xctest */;
			productType = "com.apple.product-type.bundle.ui-testing";
		};
/* End PBXNativeTarget section */

/* Begin PBXProject section */
		84154A93252FB91B009B5806 /* Project object */ = {
			isa = PBXProject;
			attributes = {
				LastSwiftUpdateCheck = 1200;
				LastUpgradeCheck = 1200;
				TargetAttributes = {
					84154A9A252FB91B009B5806 = {
						CreatedOnToolsVersion = 12.0;
					};
					84154AAB252FB91C009B5806 = {
						CreatedOnToolsVersion = 12.0;
						TestTargetID = 84154A9A252FB91B009B5806;
					};
					84154AB6252FB91C009B5806 = {
						CreatedOnToolsVersion = 12.0;
						TestTargetID = 84154A9A252FB91B009B5806;
					};
				};
			};
			buildConfigurationList = 84154A96252FB91B009B5806 /* Build configuration list for PBXProject "evolution" */;
			compatibilityVersion = "Xcode 9.3";
			developmentRegion = en;
			hasScannedForEncodings = 0;
			knownRegions = (
				en,
				Base,
			);
			mainGroup = 84154A92252FB91B009B5806;
			packageReferences = (
				84C9C0CB2555C040005ACDE6 /* XCRemoteSwiftPackageReference "ChartView" */,
			);
			productRefGroup = 84154A9C252FB91B009B5806 /* Products */;
			projectDirPath = "";
			projectRoot = "";
			targets = (
				84154A9A252FB91B009B5806 /* evolution */,
				84154AAB252FB91C009B5806 /* evolutionTests */,
				84154AB6252FB91C009B5806 /* evolutionUITests */,
			);
		};
/* End PBXProject section */

/* Begin PBXResourcesBuildPhase section */
		84154A99252FB91B009B5806 /* Resources */ = {
			isa = PBXResourcesBuildPhase;
			buildActionMask = 2147483647;
			files = (
				84154AA6252FB91C009B5806 /* Preview Assets.xcassets in Resources */,
				84154AA3252FB91C009B5806 /* Assets.xcassets in Resources */,
			);
			runOnlyForDeploymentPostprocessing = 0;
		};
		84154AAA252FB91C009B5806 /* Resources */ = {
			isa = PBXResourcesBuildPhase;
			buildActionMask = 2147483647;
			files = (
			);
			runOnlyForDeploymentPostprocessing = 0;
		};
		84154AB5252FB91C009B5806 /* Resources */ = {
			isa = PBXResourcesBuildPhase;
			buildActionMask = 2147483647;
			files = (
			);
			runOnlyForDeploymentPostprocessing = 0;
		};
/* End PBXResourcesBuildPhase section */

/* Begin PBXSourcesBuildPhase section */
		84154A97252FB91B009B5806 /* Sources */ = {
			isa = PBXSourcesBuildPhase;
			buildActionMask = 2147483647;
			files = (
				84154AA1252FB91B009B5806 /* ContentView.swift in Sources */,
				84924525253AC40100C2394C /* DayClock.swift in Sources */,
				8448950A253EA70400BC8153 /* MainUI.swift in Sources */,
				8492452A253B403200C2394C /* EnvironmentView.swift in Sources */,
				849245202539914C00C2394C /* FoodView.swift in Sources */,
				84DC23422535B04800E04074 /* Cell.swift in Sources */,
				84154A9F252FB91B009B5806 /* evolutionApp.swift in Sources */,
				8448950F253EB01200BC8153 /* UIElements.swift in Sources */,
				84606C8D2548090600C62E1A /* SettingsUI.swift in Sources */,
				84154ACD252FB95B009B5806 /* CoreLogic.swift in Sources */,
			);
			runOnlyForDeploymentPostprocessing = 0;
		};
		84154AA8252FB91C009B5806 /* Sources */ = {
			isa = PBXSourcesBuildPhase;
			buildActionMask = 2147483647;
			files = (
				84154AB1252FB91C009B5806 /* evolutionTests.swift in Sources */,
			);
			runOnlyForDeploymentPostprocessing = 0;
		};
		84154AB3252FB91C009B5806 /* Sources */ = {
			isa = PBXSourcesBuildPhase;
			buildActionMask = 2147483647;
			files = (
				84154ABC252FB91C009B5806 /* evolutionUITests.swift in Sources */,
			);
			runOnlyForDeploymentPostprocessing = 0;
		};
/* End PBXSourcesBuildPhase section */

/* Begin PBXTargetDependency section */
		84154AAE252FB91C009B5806 /* PBXTargetDependency */ = {
			isa = PBXTargetDependency;
			target = 84154A9A252FB91B009B5806 /* evolution */;
			targetProxy = 84154AAD252FB91C009B5806 /* PBXContainerItemProxy */;
		};
		84154AB9252FB91C009B5806 /* PBXTargetDependency */ = {
			isa = PBXTargetDependency;
			target = 84154A9A252FB91B009B5806 /* evolution */;
			targetProxy = 84154AB8252FB91C009B5806 /* PBXContainerItemProxy */;
		};
/* End PBXTargetDependency section */

/* Begin XCBuildConfiguration section */
		84154ABE252FB91C009B5806 /* Debug */ = {
			isa = XCBuildConfiguration;
			buildSettings = {
				ALWAYS_SEARCH_USER_PATHS = NO;
				CLANG_ANALYZER_NONNULL = YES;
				CLANG_ANALYZER_NUMBER_OBJECT_CONVERSION = YES_AGGRESSIVE;
				CLANG_CXX_LANGUAGE_STANDARD = "gnu++14";
				CLANG_CXX_LIBRARY = "libc++";
				CLANG_ENABLE_MODULES = YES;
				CLANG_ENABLE_OBJC_ARC = YES;
				CLANG_ENABLE_OBJC_WEAK = YES;
				CLANG_WARN_BLOCK_CAPTURE_AUTORELEASING = YES;
				CLANG_WARN_BOOL_CONVERSION = YES;
				CLANG_WARN_COMMA = YES;
				CLANG_WARN_CONSTANT_CONVERSION = YES;
				CLANG_WARN_DEPRECATED_OBJC_IMPLEMENTATIONS = YES;
				CLANG_WARN_DIRECT_OBJC_ISA_USAGE = YES_ERROR;
				CLANG_WARN_DOCUMENTATION_COMMENTS = YES;
				CLANG_WARN_EMPTY_BODY = YES;
				CLANG_WARN_ENUM_CONVERSION = YES;
				CLANG_WARN_INFINITE_RECURSION = YES;
				CLANG_WARN_INT_CONVERSION = YES;
				CLANG_WARN_NON_LITERAL_NULL_CONVERSION = YES;
				CLANG_WARN_OBJC_IMPLICIT_RETAIN_SELF = YES;
				CLANG_WARN_OBJC_LITERAL_CONVERSION = YES;
				CLANG_WARN_OBJC_ROOT_CLASS = YES_ERROR;
				CLANG_WARN_QUOTED_INCLUDE_IN_FRAMEWORK_HEADER = YES;
				CLANG_WARN_RANGE_LOOP_ANALYSIS = YES;
				CLANG_WARN_STRICT_PROTOTYPES = YES;
				CLANG_WARN_SUSPICIOUS_MOVE = YES;
				CLANG_WARN_UNGUARDED_AVAILABILITY = YES_AGGRESSIVE;
				CLANG_WARN_UNREACHABLE_CODE = YES;
				CLANG_WARN__DUPLICATE_METHOD_MATCH = YES;
				COPY_PHASE_STRIP = NO;
				DEBUG_INFORMATION_FORMAT = dwarf;
				ENABLE_STRICT_OBJC_MSGSEND = YES;
				ENABLE_TESTABILITY = YES;
				GCC_C_LANGUAGE_STANDARD = gnu11;
				GCC_DYNAMIC_NO_PIC = NO;
				GCC_NO_COMMON_BLOCKS = YES;
				GCC_OPTIMIZATION_LEVEL = 0;
				GCC_PREPROCESSOR_DEFINITIONS = (
					"DEBUG=1",
					"$(inherited)",
				);
				GCC_WARN_64_TO_32_BIT_CONVERSION = YES;
				GCC_WARN_ABOUT_RETURN_TYPE = YES_ERROR;
				GCC_WARN_UNDECLARED_SELECTOR = YES;
				GCC_WARN_UNINITIALIZED_AUTOS = YES_AGGRESSIVE;
				GCC_WARN_UNUSED_FUNCTION = YES;
				GCC_WARN_UNUSED_VARIABLE = YES;
				IPHONEOS_DEPLOYMENT_TARGET = 14.0;
				MTL_ENABLE_DEBUG_INFO = INCLUDE_SOURCE;
				MTL_FAST_MATH = YES;
				ONLY_ACTIVE_ARCH = YES;
				SDKROOT = iphoneos;
				SWIFT_ACTIVE_COMPILATION_CONDITIONS = DEBUG;
				SWIFT_OPTIMIZATION_LEVEL = "-Onone";
			};
			name = Debug;
		};
		84154ABF252FB91C009B5806 /* Release */ = {
			isa = XCBuildConfiguration;
			buildSettings = {
				ALWAYS_SEARCH_USER_PATHS = NO;
				CLANG_ANALYZER_NONNULL = YES;
				CLANG_ANALYZER_NUMBER_OBJECT_CONVERSION = YES_AGGRESSIVE;
				CLANG_CXX_LANGUAGE_STANDARD = "gnu++14";
				CLANG_CXX_LIBRARY = "libc++";
				CLANG_ENABLE_MODULES = YES;
				CLANG_ENABLE_OBJC_ARC = YES;
				CLANG_ENABLE_OBJC_WEAK = YES;
				CLANG_WARN_BLOCK_CAPTURE_AUTORELEASING = YES;
				CLANG_WARN_BOOL_CONVERSION = YES;
				CLANG_WARN_COMMA = YES;
				CLANG_WARN_CONSTANT_CONVERSION = YES;
				CLANG_WARN_DEPRECATED_OBJC_IMPLEMENTATIONS = YES;
				CLANG_WARN_DIRECT_OBJC_ISA_USAGE = YES_ERROR;
				CLANG_WARN_DOCUMENTATION_COMMENTS = YES;
				CLANG_WARN_EMPTY_BODY = YES;
				CLANG_WARN_ENUM_CONVERSION = YES;
				CLANG_WARN_INFINITE_RECURSION = YES;
				CLANG_WARN_INT_CONVERSION = YES;
				CLANG_WARN_NON_LITERAL_NULL_CONVERSION = YES;
				CLANG_WARN_OBJC_IMPLICIT_RETAIN_SELF = YES;
				CLANG_WARN_OBJC_LITERAL_CONVERSION = YES;
				CLANG_WARN_OBJC_ROOT_CLASS = YES_ERROR;
				CLANG_WARN_QUOTED_INCLUDE_IN_FRAMEWORK_HEADER = YES;
				CLANG_WARN_RANGE_LOOP_ANALYSIS = YES;
				CLANG_WARN_STRICT_PROTOTYPES = YES;
				CLANG_WARN_SUSPICIOUS_MOVE = YES;
				CLANG_WARN_UNGUARDED_AVAILABILITY = YES_AGGRESSIVE;
				CLANG_WARN_UNREACHABLE_CODE = YES;
				CLANG_WARN__DUPLICATE_METHOD_MATCH = YES;
				COPY_PHASE_STRIP = NO;
				DEBUG_INFORMATION_FORMAT = "dwarf-with-dsym";
				ENABLE_NS_ASSERTIONS = NO;
				ENABLE_STRICT_OBJC_MSGSEND = YES;
				GCC_C_LANGUAGE_STANDARD = gnu11;
				GCC_NO_COMMON_BLOCKS = YES;
				GCC_WARN_64_TO_32_BIT_CONVERSION = YES;
				GCC_WARN_ABOUT_RETURN_TYPE = YES_ERROR;
				GCC_WARN_UNDECLARED_SELECTOR = YES;
				GCC_WARN_UNINITIALIZED_AUTOS = YES_AGGRESSIVE;
				GCC_WARN_UNUSED_FUNCTION = YES;
				GCC_WARN_UNUSED_VARIABLE = YES;
				IPHONEOS_DEPLOYMENT_TARGET = 14.0;
				MTL_ENABLE_DEBUG_INFO = NO;
				MTL_FAST_MATH = YES;
				SDKROOT = iphoneos;
				SWIFT_COMPILATION_MODE = wholemodule;
				SWIFT_OPTIMIZATION_LEVEL = "-O";
				VALIDATE_PRODUCT = YES;
			};
			name = Release;
		};
		84154AC1252FB91C009B5806 /* Debug */ = {
			isa = XCBuildConfiguration;
			buildSettings = {
				ASSETCATALOG_COMPILER_APPICON_NAME = AppIcon;
				ASSETCATALOG_COMPILER_GLOBAL_ACCENT_COLOR_NAME = AccentColor;
				CODE_SIGN_STYLE = Automatic;
				DEVELOPMENT_ASSET_PATHS = "\"evolution/Preview Content\"";
				DEVELOPMENT_TEAM = 4TRFJN4JM2;
				ENABLE_PREVIEWS = YES;
				INFOPLIST_FILE = evolution/Info.plist;
				IPHONEOS_DEPLOYMENT_TARGET = 14.0;
				LD_RUNPATH_SEARCH_PATHS = (
					"$(inherited)",
					"@executable_path/Frameworks",
				);
				PRODUCT_BUNDLE_IDENTIFIER = pmanot.evolution;
				PRODUCT_NAME = "$(TARGET_NAME)";
				SWIFT_VERSION = 5.0;
				TARGETED_DEVICE_FAMILY = "1,2";
			};
			name = Debug;
		};
		84154AC2252FB91C009B5806 /* Release */ = {
			isa = XCBuildConfiguration;
			buildSettings = {
				ASSETCATALOG_COMPILER_APPICON_NAME = AppIcon;
				ASSETCATALOG_COMPILER_GLOBAL_ACCENT_COLOR_NAME = AccentColor;
				CODE_SIGN_STYLE = Automatic;
				DEVELOPMENT_ASSET_PATHS = "\"evolution/Preview Content\"";
				DEVELOPMENT_TEAM = 4TRFJN4JM2;
				ENABLE_PREVIEWS = YES;
				INFOPLIST_FILE = evolution/Info.plist;
				IPHONEOS_DEPLOYMENT_TARGET = 14.0;
				LD_RUNPATH_SEARCH_PATHS = (
					"$(inherited)",
					"@executable_path/Frameworks",
				);
				PRODUCT_BUNDLE_IDENTIFIER = pmanot.evolution;
				PRODUCT_NAME = "$(TARGET_NAME)";
				SWIFT_VERSION = 5.0;
				TARGETED_DEVICE_FAMILY = "1,2";
			};
			name = Release;
		};
		84154AC4252FB91C009B5806 /* Debug */ = {
			isa = XCBuildConfiguration;
			buildSettings = {
				ALWAYS_EMBED_SWIFT_STANDARD_LIBRARIES = YES;
				BUNDLE_LOADER = "$(TEST_HOST)";
				CODE_SIGN_STYLE = Automatic;
				DEVELOPMENT_TEAM = 4TRFJN4JM2;
				INFOPLIST_FILE = evolutionTests/Info.plist;
				IPHONEOS_DEPLOYMENT_TARGET = 14.0;
				LD_RUNPATH_SEARCH_PATHS = (
					"$(inherited)",
					"@executable_path/Frameworks",
					"@loader_path/Frameworks",
				);
				PRODUCT_BUNDLE_IDENTIFIER = pmanot.evolutionTests;
				PRODUCT_NAME = "$(TARGET_NAME)";
				SWIFT_VERSION = 5.0;
				TARGETED_DEVICE_FAMILY = "1,2";
				TEST_HOST = "$(BUILT_PRODUCTS_DIR)/evolution.app/evolution";
			};
			name = Debug;
		};
		84154AC5252FB91C009B5806 /* Release */ = {
			isa = XCBuildConfiguration;
			buildSettings = {
				ALWAYS_EMBED_SWIFT_STANDARD_LIBRARIES = YES;
				BUNDLE_LOADER = "$(TEST_HOST)";
				CODE_SIGN_STYLE = Automatic;
				DEVELOPMENT_TEAM = 4TRFJN4JM2;
				INFOPLIST_FILE = evolutionTests/Info.plist;
				IPHONEOS_DEPLOYMENT_TARGET = 14.0;
				LD_RUNPATH_SEARCH_PATHS = (
					"$(inherited)",
					"@executable_path/Frameworks",
					"@loader_path/Frameworks",
				);
				PRODUCT_BUNDLE_IDENTIFIER = pmanot.evolutionTests;
				PRODUCT_NAME = "$(TARGET_NAME)";
				SWIFT_VERSION = 5.0;
				TARGETED_DEVICE_FAMILY = "1,2";
				TEST_HOST = "$(BUILT_PRODUCTS_DIR)/evolution.app/evolution";
			};
			name = Release;
		};
		84154AC7252FB91C009B5806 /* Debug */ = {
			isa = XCBuildConfiguration;
			buildSettings = {
				ALWAYS_EMBED_SWIFT_STANDARD_LIBRARIES = YES;
				CODE_SIGN_STYLE = Automatic;
				DEVELOPMENT_TEAM = 4TRFJN4JM2;
				INFOPLIST_FILE = evolutionUITests/Info.plist;
				LD_RUNPATH_SEARCH_PATHS = (
					"$(inherited)",
					"@executable_path/Frameworks",
					"@loader_path/Frameworks",
				);
				PRODUCT_BUNDLE_IDENTIFIER = pmanot.evolutionUITests;
				PRODUCT_NAME = "$(TARGET_NAME)";
				SWIFT_VERSION = 5.0;
				TARGETED_DEVICE_FAMILY = "1,2";
				TEST_TARGET_NAME = evolution;
			};
			name = Debug;
		};
		84154AC8252FB91C009B5806 /* Release */ = {
			isa = XCBuildConfiguration;
			buildSettings = {
				ALWAYS_EMBED_SWIFT_STANDARD_LIBRARIES = YES;
				CODE_SIGN_STYLE = Automatic;
				DEVELOPMENT_TEAM = 4TRFJN4JM2;
				INFOPLIST_FILE = evolutionUITests/Info.plist;
				LD_RUNPATH_SEARCH_PATHS = (
					"$(inherited)",
					"@executable_path/Frameworks",
					"@loader_path/Frameworks",
				);
				PRODUCT_BUNDLE_IDENTIFIER = pmanot.evolutionUITests;
				PRODUCT_NAME = "$(TARGET_NAME)";
				SWIFT_VERSION = 5.0;
				TARGETED_DEVICE_FAMILY = "1,2";
				TEST_TARGET_NAME = evolution;
			};
			name = Release;
		};
/* End XCBuildConfiguration section */

/* Begin XCConfigurationList section */
		84154A96252FB91B009B5806 /* Build configuration list for PBXProject "evolution" */ = {
			isa = XCConfigurationList;
			buildConfigurations = (
				84154ABE252FB91C009B5806 /* Debug */,
				84154ABF252FB91C009B5806 /* Release */,
			);
			defaultConfigurationIsVisible = 0;
			defaultConfigurationName = Release;
		};
		84154AC0252FB91C009B5806 /* Build configuration list for PBXNativeTarget "evolution" */ = {
			isa = XCConfigurationList;
			buildConfigurations = (
				84154AC1252FB91C009B5806 /* Debug */,
				84154AC2252FB91C009B5806 /* Release */,
			);
			defaultConfigurationIsVisible = 0;
			defaultConfigurationName = Release;
		};
		84154AC3252FB91C009B5806 /* Build configuration list for PBXNativeTarget "evolutionTests" */ = {
			isa = XCConfigurationList;
			buildConfigurations = (
				84154AC4252FB91C009B5806 /* Debug */,
				84154AC5252FB91C009B5806 /* Release */,
			);
			defaultConfigurationIsVisible = 0;
			defaultConfigurationName = Release;
		};
		84154AC6252FB91C009B5806 /* Build configuration list for PBXNativeTarget "evolutionUITests" */ = {
			isa = XCConfigurationList;
			buildConfigurations = (
				84154AC7252FB91C009B5806 /* Debug */,
				84154AC8252FB91C009B5806 /* Release */,
			);
			defaultConfigurationIsVisible = 0;
			defaultConfigurationName = Release;
		};
/* End XCConfigurationList section */

/* Begin XCRemoteSwiftPackageReference section */
		84C9C0CB2555C040005ACDE6 /* XCRemoteSwiftPackageReference "ChartView" */ = {
			isa = XCRemoteSwiftPackageReference;
			repositoryURL = "https://github.com/AppPear/ChartView";
			requirement = {
				kind = upToNextMajorVersion;
				minimumVersion = 1.5.4;
			};
		};
/* End XCRemoteSwiftPackageReference section */

/* Begin XCSwiftPackageProductDependency section */
		84C9C0CC2555C040005ACDE6 /* SwiftUICharts */ = {
			isa = XCSwiftPackageProductDependency;
			package = 84C9C0CB2555C040005ACDE6 /* XCRemoteSwiftPackageReference "ChartView" */;
			productName = SwiftUICharts;
		};
/* End XCSwiftPackageProductDependency section */
	};
	rootObject = 84154A93252FB91B009B5806 /* Project object */;
}
